
Microsoft Visual Studio Solution File, Format Version 12.00
# Visual Studio Version 17
VisualStudioVersion = 17.3.32825.248
MinimumVisualStudioVersion = 10.0.40219.1
Project("{FAE04EC0-301F-11D3-BF4B-00C04F79EFBC}") = "WPFAccion", "WPFAccion\WPFAccion.csproj", "{3D0F3432-712B-4C4C-9928-1E0FC438E23D}"
EndProject
Global
	GlobalSection(SolutionConfigurationPlatforms) = preSolution
		Debug|Any CPU = Debug|Any CPU
		Release|Any CPU = Release|Any CPU
	EndGlobalSection
	GlobalSection(ProjectConfigurationPlatforms) = postSolution
		{3D0F3432-712B-4C4C-9928-1E0FC438E23D}.Debug|Any CPU.ActiveCfg = Debug|Any CPU
		{3D0F3432-712B-4C4C-9928-1E0FC438E23D}.Debug|Any CPU.Build.0 = Debug|Any CPU
		{3D0F3432-712B-4C4C-9928-1E0FC438E23D}.Release|Any CPU.ActiveCfg = Release|Any CPU
		{3D0F3432-712B-4C4C-9928-1E0FC438E23D}.Release|Any CPU.Build.0 = Release|Any CPU
	EndGlobalSection
	GlobalSection(SolutionProperties) = preSolution
		HideSolutionNode = FALSE
	EndGlobalSection
	GlobalSection(ExtensibilityGlobals) = postSolution
		SolutionGuid = {3731B999-9FD6-4D6F-BB36-8C8AD884297F}
	EndGlobalSection
EndGlobal
