
Microsoft Visual Studio Solution File, Format Version 12.00
# Blend for Visual Studio Version 17
VisualStudioVersion = 17.3.32825.248
MinimumVisualStudioVersion = 10.0.40219.1
Project("{FAE04EC0-301F-11D3-BF4B-00C04F79EFBC}") = "WPFAppBlend", "WPFAppBlend\WPFAppBlend.csproj", "{3E9C117E-0CDF-47CF-9AD5-1026AA5A2B6E}"
EndProject
Global
	GlobalSection(SolutionConfigurationPlatforms) = preSolution
		Debug|Any CPU = Debug|Any CPU
		Release|Any CPU = Release|Any CPU
	EndGlobalSection
	GlobalSection(ProjectConfigurationPlatforms) = postSolution
		{3E9C117E-0CDF-47CF-9AD5-1026AA5A2B6E}.Debug|Any CPU.ActiveCfg = Debug|Any CPU
		{3E9C117E-0CDF-47CF-9AD5-1026AA5A2B6E}.Debug|Any CPU.Build.0 = Debug|Any CPU
		{3E9C117E-0CDF-47CF-9AD5-1026AA5A2B6E}.Release|Any CPU.ActiveCfg = Release|Any CPU
		{3E9C117E-0CDF-47CF-9AD5-1026AA5A2B6E}.Release|Any CPU.Build.0 = Release|Any CPU
	EndGlobalSection
	GlobalSection(SolutionProperties) = preSolution
		HideSolutionNode = FALSE
	EndGlobalSection
	GlobalSection(ExtensibilityGlobals) = postSolution
		SolutionGuid = {CBE781ED-1FE6-4F12-9075-224D67F9E269}
	EndGlobalSection
EndGlobal
