
Microsoft Visual Studio Solution File, Format Version 12.00
# Visual Studio Version 17
VisualStudioVersion = 17.3.32825.248
MinimumVisualStudioVersion = 10.0.40219.1
Project("{FAE04EC0-301F-11D3-BF4B-00C04F79EFBC}") = "WFDisenio", "WFDisenio\WFDisenio.csproj", "{8C4797E0-2E96-4BED-85BB-D8CB0F7FB7D5}"
EndProject
Global
	GlobalSection(SolutionConfigurationPlatforms) = preSolution
		Debug|Any CPU = Debug|Any CPU
		Release|Any CPU = Release|Any CPU
	EndGlobalSection
	GlobalSection(ProjectConfigurationPlatforms) = postSolution
		{8C4797E0-2E96-4BED-85BB-D8CB0F7FB7D5}.Debug|Any CPU.ActiveCfg = Debug|Any CPU
		{8C4797E0-2E96-4BED-85BB-D8CB0F7FB7D5}.Debug|Any CPU.Build.0 = Debug|Any CPU
		{8C4797E0-2E96-4BED-85BB-D8CB0F7FB7D5}.Release|Any CPU.ActiveCfg = Release|Any CPU
		{8C4797E0-2E96-4BED-85BB-D8CB0F7FB7D5}.Release|Any CPU.Build.0 = Release|Any CPU
	EndGlobalSection
	GlobalSection(SolutionProperties) = preSolution
		HideSolutionNode = FALSE
	EndGlobalSection
	GlobalSection(ExtensibilityGlobals) = postSolution
		SolutionGuid = {1320D2D4-61DB-44E5-BB00-BB4C15DC7907}
	EndGlobalSection
EndGlobal
