
Microsoft Visual Studio Solution File, Format Version 12.00
# Visual Studio Version 17
VisualStudioVersion = 17.3.32825.248
MinimumVisualStudioVersion = 10.0.40219.1
Project("{FAE04EC0-301F-11D3-BF4B-00C04F79EFBC}") = "WPFTecladoRaton", "WPFTecladoRaton\WPFTecladoRaton.csproj", "{48145B8C-2B86-49B3-AEE6-2A74F6CCD3B7}"
EndProject
Global
	GlobalSection(SolutionConfigurationPlatforms) = preSolution
		Debug|Any CPU = Debug|Any CPU
		Release|Any CPU = Release|Any CPU
	EndGlobalSection
	GlobalSection(ProjectConfigurationPlatforms) = postSolution
		{48145B8C-2B86-49B3-AEE6-2A74F6CCD3B7}.Debug|Any CPU.ActiveCfg = Debug|Any CPU
		{48145B8C-2B86-49B3-AEE6-2A74F6CCD3B7}.Debug|Any CPU.Build.0 = Debug|Any CPU
		{48145B8C-2B86-49B3-AEE6-2A74F6CCD3B7}.Release|Any CPU.ActiveCfg = Release|Any CPU
		{48145B8C-2B86-49B3-AEE6-2A74F6CCD3B7}.Release|Any CPU.Build.0 = Release|Any CPU
	EndGlobalSection
	GlobalSection(SolutionProperties) = preSolution
		HideSolutionNode = FALSE
	EndGlobalSection
	GlobalSection(ExtensibilityGlobals) = postSolution
		SolutionGuid = {7F1935EF-01C0-488C-8EC7-633BD4FEA96B}
	EndGlobalSection
EndGlobal
