
Microsoft Visual Studio Solution File, Format Version 12.00
# Visual Studio Version 17
VisualStudioVersion = 17.3.32825.248
MinimumVisualStudioVersion = 10.0.40219.1
Project("{FAE04EC0-301F-11D3-BF4B-00C04F79EFBC}") = "PruebaTernario", "PruebaTernario\PruebaTernario.csproj", "{8EAF8A24-CCD5-4F96-9F3F-75A6A67BBC5F}"
EndProject
Global
	GlobalSection(SolutionConfigurationPlatforms) = preSolution
		Debug|Any CPU = Debug|Any CPU
		Release|Any CPU = Release|Any CPU
	EndGlobalSection
	GlobalSection(ProjectConfigurationPlatforms) = postSolution
		{8EAF8A24-CCD5-4F96-9F3F-75A6A67BBC5F}.Debug|Any CPU.ActiveCfg = Debug|Any CPU
		{8EAF8A24-CCD5-4F96-9F3F-75A6A67BBC5F}.Debug|Any CPU.Build.0 = Debug|Any CPU
		{8EAF8A24-CCD5-4F96-9F3F-75A6A67BBC5F}.Release|Any CPU.ActiveCfg = Release|Any CPU
		{8EAF8A24-CCD5-4F96-9F3F-75A6A67BBC5F}.Release|Any CPU.Build.0 = Release|Any CPU
	EndGlobalSection
	GlobalSection(SolutionProperties) = preSolution
		HideSolutionNode = FALSE
	EndGlobalSection
	GlobalSection(ExtensibilityGlobals) = postSolution
		SolutionGuid = {23EA17A7-A136-471C-B73D-39F46BF1F6BC}
	EndGlobalSection
EndGlobal
