
Microsoft Visual Studio Solution File, Format Version 12.00
# Blend for Visual Studio Version 17
VisualStudioVersion = 17.3.32825.248
MinimumVisualStudioVersion = 10.0.40219.1
Project("{FAE04EC0-301F-11D3-BF4B-00C04F79EFBC}") = "WpfApp2", "WpfApp2\WpfApp2.csproj", "{D7AEED9C-8091-4E13-8D93-2B3206F86847}"
EndProject
Global
	GlobalSection(SolutionConfigurationPlatforms) = preSolution
		Debug|Any CPU = Debug|Any CPU
		Release|Any CPU = Release|Any CPU
	EndGlobalSection
	GlobalSection(ProjectConfigurationPlatforms) = postSolution
		{D7AEED9C-8091-4E13-8D93-2B3206F86847}.Debug|Any CPU.ActiveCfg = Debug|Any CPU
		{D7AEED9C-8091-4E13-8D93-2B3206F86847}.Debug|Any CPU.Build.0 = Debug|Any CPU
		{D7AEED9C-8091-4E13-8D93-2B3206F86847}.Release|Any CPU.ActiveCfg = Release|Any CPU
		{D7AEED9C-8091-4E13-8D93-2B3206F86847}.Release|Any CPU.Build.0 = Release|Any CPU
	EndGlobalSection
	GlobalSection(SolutionProperties) = preSolution
		HideSolutionNode = FALSE
	EndGlobalSection
	GlobalSection(ExtensibilityGlobals) = postSolution
		SolutionGuid = {3548E9C8-6281-433A-8EA8-54871B86F92A}
	EndGlobalSection
EndGlobal
