
Microsoft Visual Studio Solution File, Format Version 12.00
# Visual Studio Version 17
VisualStudioVersion = 17.3.32825.248
MinimumVisualStudioVersion = 10.0.40219.1
Project("{FAE04EC0-301F-11D3-BF4B-00C04F79EFBC}") = "WPFCRDatos", "WPFCRDatos\WPFCRDatos.csproj", "{44EC2020-83C4-4EE3-A167-DA65B078EF86}"
EndProject
Global
	GlobalSection(SolutionConfigurationPlatforms) = preSolution
		Debug|Any CPU = Debug|Any CPU
		Release|Any CPU = Release|Any CPU
	EndGlobalSection
	GlobalSection(ProjectConfigurationPlatforms) = postSolution
		{44EC2020-83C4-4EE3-A167-DA65B078EF86}.Debug|Any CPU.ActiveCfg = Debug|Any CPU
		{44EC2020-83C4-4EE3-A167-DA65B078EF86}.Debug|Any CPU.Build.0 = Debug|Any CPU
		{44EC2020-83C4-4EE3-A167-DA65B078EF86}.Release|Any CPU.ActiveCfg = Release|Any CPU
		{44EC2020-83C4-4EE3-A167-DA65B078EF86}.Release|Any CPU.Build.0 = Release|Any CPU
	EndGlobalSection
	GlobalSection(SolutionProperties) = preSolution
		HideSolutionNode = FALSE
	EndGlobalSection
	GlobalSection(ExtensibilityGlobals) = postSolution
		SolutionGuid = {46DF2DC4-B0E9-4A97-9D12-22480A89A5B0}
	EndGlobalSection
EndGlobal
