
Microsoft Visual Studio Solution File, Format Version 12.00
# Visual Studio Version 17
VisualStudioVersion = 17.3.32825.248
MinimumVisualStudioVersion = 10.0.40219.1
Project("{FAE04EC0-301F-11D3-BF4B-00C04F79EFBC}") = "GestionPedidosARG_4", "GestionPedidosARG_4\GestionPedidosARG_4.csproj", "{D1DE4C20-5576-4E11-BD13-577A2918CA40}"
EndProject
Global
	GlobalSection(SolutionConfigurationPlatforms) = preSolution
		Debug|Any CPU = Debug|Any CPU
		Release|Any CPU = Release|Any CPU
	EndGlobalSection
	GlobalSection(ProjectConfigurationPlatforms) = postSolution
		{D1DE4C20-5576-4E11-BD13-577A2918CA40}.Debug|Any CPU.ActiveCfg = Debug|Any CPU
		{D1DE4C20-5576-4E11-BD13-577A2918CA40}.Debug|Any CPU.Build.0 = Debug|Any CPU
		{D1DE4C20-5576-4E11-BD13-577A2918CA40}.Release|Any CPU.ActiveCfg = Release|Any CPU
		{D1DE4C20-5576-4E11-BD13-577A2918CA40}.Release|Any CPU.Build.0 = Release|Any CPU
	EndGlobalSection
	GlobalSection(SolutionProperties) = preSolution
		HideSolutionNode = FALSE
	EndGlobalSection
	GlobalSection(ExtensibilityGlobals) = postSolution
		SolutionGuid = {6FAF091A-DEE4-41AF-8FB3-61414CC0E8C4}
	EndGlobalSection
EndGlobal
