
Microsoft Visual Studio Solution File, Format Version 12.00
# Visual Studio Version 17
VisualStudioVersion = 17.3.32825.248
MinimumVisualStudioVersion = 10.0.40219.1
Project("{FAE04EC0-301F-11D3-BF4B-00C04F79EFBC}") = "LibretaDirecciones", "LibretaDirecciones\LibretaDirecciones.csproj", "{83F46782-F057-4884-8D7E-66CCFB3655DB}"
EndProject
Global
	GlobalSection(SolutionConfigurationPlatforms) = preSolution
		Debug|Any CPU = Debug|Any CPU
		Release|Any CPU = Release|Any CPU
	EndGlobalSection
	GlobalSection(ProjectConfigurationPlatforms) = postSolution
		{83F46782-F057-4884-8D7E-66CCFB3655DB}.Debug|Any CPU.ActiveCfg = Debug|Any CPU
		{83F46782-F057-4884-8D7E-66CCFB3655DB}.Debug|Any CPU.Build.0 = Debug|Any CPU
		{83F46782-F057-4884-8D7E-66CCFB3655DB}.Release|Any CPU.ActiveCfg = Release|Any CPU
		{83F46782-F057-4884-8D7E-66CCFB3655DB}.Release|Any CPU.Build.0 = Release|Any CPU
	EndGlobalSection
	GlobalSection(SolutionProperties) = preSolution
		HideSolutionNode = FALSE
	EndGlobalSection
	GlobalSection(ExtensibilityGlobals) = postSolution
		SolutionGuid = {842267BA-F7B1-4CC1-9497-B8CD30030A49}
	EndGlobalSection
EndGlobal
